
Microsoft Visual Studio Solution File, Format Version 12.00
# Visual Studio 2012
Project("{FAE04EC0-301F-11D3-BF4B-00C04F79EFBC}") = "AdminLinq", "AdminLinq\AdminLinq.csproj", "{F87FC65D-6F56-4D9B-A702-AE999B321CCA}"
EndProject
Global
	GlobalSection(SolutionConfigurationPlatforms) = preSolution
		Debug|Any CPU = Debug|Any CPU
		Release|Any CPU = Release|Any CPU
	EndGlobalSection
	GlobalSection(ProjectConfigurationPlatforms) = postSolution
		{F87FC65D-6F56-4D9B-A702-AE999B321CCA}.Debug|Any CPU.ActiveCfg = Debug|Any CPU
		{F87FC65D-6F56-4D9B-A702-AE999B321CCA}.Debug|Any CPU.Build.0 = Debug|Any CPU
		{F87FC65D-6F56-4D9B-A702-AE999B321CCA}.Release|Any CPU.ActiveCfg = Release|Any CPU
		{F87FC65D-6F56-4D9B-A702-AE999B321CCA}.Release|Any CPU.Build.0 = Release|Any CPU
	EndGlobalSection
	GlobalSection(SolutionProperties) = preSolution
		HideSolutionNode = FALSE
	EndGlobalSection
EndGlobal
