
Microsoft Visual Studio Solution File, Format Version 12.00
# Visual Studio 14
VisualStudioVersion = 14.0.25420.1
MinimumVisualStudioVersion = 10.0.40219.1
Project("{FAE04EC0-301F-11D3-BF4B-00C04F79EFBC}") = "Licensing", "Licensing\Licensing.csproj", "{34989956-E3DD-4F23-AD53-7998BDFCDF5B}"
	ProjectSection(ProjectDependencies) = postProject
		{F87FC65D-6F56-4D9B-A702-AE999B321CCA} = {F87FC65D-6F56-4D9B-A702-AE999B321CCA}
		{11B00C8B-DFC4-4827-8A10-781D7E14F21B} = {11B00C8B-DFC4-4827-8A10-781D7E14F21B}
		{9A46DCC8-233A-460F-BBAB-5C930A06E10E} = {9A46DCC8-233A-460F-BBAB-5C930A06E10E}
		{7A9F76D7-7F92-42FE-908D-FD846C3FAD4C} = {7A9F76D7-7F92-42FE-908D-FD846C3FAD4C}
		{C9EE35E5-9703-479A-A755-055C1D26DF19} = {C9EE35E5-9703-479A-A755-055C1D26DF19}
		{D46301EF-DC44-4B9E-AEE3-F57DE28B27A5} = {D46301EF-DC44-4B9E-AEE3-F57DE28B27A5}
	EndProjectSection
EndProject
Project("{FAE04EC0-301F-11D3-BF4B-00C04F79EFBC}") = "OperationsLink", "..\..\OperationsLink\OperationsLink\OperationsLink.csproj", "{11B00C8B-DFC4-4827-8A10-781D7E14F21B}"
EndProject
Project("{FAE04EC0-301F-11D3-BF4B-00C04F79EFBC}") = "ComplaintsTabLinq", "..\..\ComplaintsTabLinq\ComplaintsTabLinq\ComplaintsTabLinq.csproj", "{9A46DCC8-233A-460F-BBAB-5C930A06E10E}"
EndProject
Project("{FAE04EC0-301F-11D3-BF4B-00C04F79EFBC}") = "ComplaintsLink", "..\..\ComplaintsLink\ComplaintsLink\ComplaintsLink\ComplaintsLink.csproj", "{C9EE35E5-9703-479A-A755-055C1D26DF19}"
EndProject
Project("{FAE04EC0-301F-11D3-BF4B-00C04F79EFBC}") = "Accounting_Data", "..\..\Accounting_Data\Accounting_Data\Accounting_Data\Accounting_Data.csproj", "{D46301EF-DC44-4B9E-AEE3-F57DE28B27A5}"
EndProject
Project("{FAE04EC0-301F-11D3-BF4B-00C04F79EFBC}") = "Person_Details", "..\..\Person_Details\Person_Details\Person_Details\Person_Details.csproj", "{7A9F76D7-7F92-42FE-908D-FD846C3FAD4C}"
EndProject
Project("{FAE04EC0-301F-11D3-BF4B-00C04F79EFBC}") = "AdminLinq", "..\..\AdminLinq\AdminLinq\AdminLinq\AdminLinq.csproj", "{F87FC65D-6F56-4D9B-A702-AE999B321CCA}"
EndProject
Project("{FAE04EC0-301F-11D3-BF4B-00C04F79EFBC}") = "License_Data", "..\..\License_Data\License_Data\License_Data\License_Data.csproj", "{EC89E1F7-C46F-4668-B5F1-5CB5D548E5B9}"
EndProject
Global
	GlobalSection(SolutionConfigurationPlatforms) = preSolution
		Debug|Any CPU = Debug|Any CPU
		DEV|Any CPU = DEV|Any CPU
		FEDRAMP|Any CPU = FEDRAMP|Any CPU
		Release|Any CPU = Release|Any CPU
	EndGlobalSection
	GlobalSection(ProjectConfigurationPlatforms) = postSolution
		{34989956-E3DD-4F23-AD53-7998BDFCDF5B}.Debug|Any CPU.ActiveCfg = Debug|Any CPU
		{34989956-E3DD-4F23-AD53-7998BDFCDF5B}.Debug|Any CPU.Build.0 = Debug|Any CPU
		{34989956-E3DD-4F23-AD53-7998BDFCDF5B}.DEV|Any CPU.ActiveCfg = DEV|Any CPU
		{34989956-E3DD-4F23-AD53-7998BDFCDF5B}.DEV|Any CPU.Build.0 = DEV|Any CPU
		{34989956-E3DD-4F23-AD53-7998BDFCDF5B}.FEDRAMP|Any CPU.ActiveCfg = FEDRAMP|Any CPU
		{34989956-E3DD-4F23-AD53-7998BDFCDF5B}.FEDRAMP|Any CPU.Build.0 = FEDRAMP|Any CPU
		{34989956-E3DD-4F23-AD53-7998BDFCDF5B}.Release|Any CPU.ActiveCfg = Release|Any CPU
		{34989956-E3DD-4F23-AD53-7998BDFCDF5B}.Release|Any CPU.Build.0 = Release|Any CPU
		{11B00C8B-DFC4-4827-8A10-781D7E14F21B}.Debug|Any CPU.ActiveCfg = Debug|Any CPU
		{11B00C8B-DFC4-4827-8A10-781D7E14F21B}.Debug|Any CPU.Build.0 = Debug|Any CPU
		{11B00C8B-DFC4-4827-8A10-781D7E14F21B}.DEV|Any CPU.ActiveCfg = DEV|Any CPU
		{11B00C8B-DFC4-4827-8A10-781D7E14F21B}.DEV|Any CPU.Build.0 = DEV|Any CPU
		{11B00C8B-DFC4-4827-8A10-781D7E14F21B}.FEDRAMP|Any CPU.ActiveCfg = FEDRAMP|Any CPU
		{11B00C8B-DFC4-4827-8A10-781D7E14F21B}.FEDRAMP|Any CPU.Build.0 = FEDRAMP|Any CPU
		{11B00C8B-DFC4-4827-8A10-781D7E14F21B}.Release|Any CPU.ActiveCfg = Release|Any CPU
		{11B00C8B-DFC4-4827-8A10-781D7E14F21B}.Release|Any CPU.Build.0 = Release|Any CPU
		{9A46DCC8-233A-460F-BBAB-5C930A06E10E}.Debug|Any CPU.ActiveCfg = Debug|Any CPU
		{9A46DCC8-233A-460F-BBAB-5C930A06E10E}.Debug|Any CPU.Build.0 = Debug|Any CPU
		{9A46DCC8-233A-460F-BBAB-5C930A06E10E}.DEV|Any CPU.ActiveCfg = DEV|Any CPU
		{9A46DCC8-233A-460F-BBAB-5C930A06E10E}.DEV|Any CPU.Build.0 = DEV|Any CPU
		{9A46DCC8-233A-460F-BBAB-5C930A06E10E}.FEDRAMP|Any CPU.ActiveCfg = FEDRAMP|Any CPU
		{9A46DCC8-233A-460F-BBAB-5C930A06E10E}.FEDRAMP|Any CPU.Build.0 = FEDRAMP|Any CPU
		{9A46DCC8-233A-460F-BBAB-5C930A06E10E}.Release|Any CPU.ActiveCfg = Release|Any CPU
		{9A46DCC8-233A-460F-BBAB-5C930A06E10E}.Release|Any CPU.Build.0 = Release|Any CPU
		{C9EE35E5-9703-479A-A755-055C1D26DF19}.Debug|Any CPU.ActiveCfg = Debug|Any CPU
		{C9EE35E5-9703-479A-A755-055C1D26DF19}.Debug|Any CPU.Build.0 = Debug|Any CPU
		{C9EE35E5-9703-479A-A755-055C1D26DF19}.DEV|Any CPU.ActiveCfg = DEV|Any CPU
		{C9EE35E5-9703-479A-A755-055C1D26DF19}.DEV|Any CPU.Build.0 = DEV|Any CPU
		{C9EE35E5-9703-479A-A755-055C1D26DF19}.FEDRAMP|Any CPU.ActiveCfg = FEDRAMP|Any CPU
		{C9EE35E5-9703-479A-A755-055C1D26DF19}.FEDRAMP|Any CPU.Build.0 = FEDRAMP|Any CPU
		{C9EE35E5-9703-479A-A755-055C1D26DF19}.Release|Any CPU.ActiveCfg = Release|Any CPU
		{C9EE35E5-9703-479A-A755-055C1D26DF19}.Release|Any CPU.Build.0 = Release|Any CPU
		{D46301EF-DC44-4B9E-AEE3-F57DE28B27A5}.Debug|Any CPU.ActiveCfg = Debug|Any CPU
		{D46301EF-DC44-4B9E-AEE3-F57DE28B27A5}.Debug|Any CPU.Build.0 = Debug|Any CPU
		{D46301EF-DC44-4B9E-AEE3-F57DE28B27A5}.DEV|Any CPU.ActiveCfg = DEV|Any CPU
		{D46301EF-DC44-4B9E-AEE3-F57DE28B27A5}.DEV|Any CPU.Build.0 = DEV|Any CPU
		{D46301EF-DC44-4B9E-AEE3-F57DE28B27A5}.FEDRAMP|Any CPU.ActiveCfg = FEDRAMP|Any CPU
		{D46301EF-DC44-4B9E-AEE3-F57DE28B27A5}.FEDRAMP|Any CPU.Build.0 = FEDRAMP|Any CPU
		{D46301EF-DC44-4B9E-AEE3-F57DE28B27A5}.Release|Any CPU.ActiveCfg = Release|Any CPU
		{D46301EF-DC44-4B9E-AEE3-F57DE28B27A5}.Release|Any CPU.Build.0 = Release|Any CPU
		{7A9F76D7-7F92-42FE-908D-FD846C3FAD4C}.Debug|Any CPU.ActiveCfg = Debug|Any CPU
		{7A9F76D7-7F92-42FE-908D-FD846C3FAD4C}.Debug|Any CPU.Build.0 = Debug|Any CPU
		{7A9F76D7-7F92-42FE-908D-FD846C3FAD4C}.DEV|Any CPU.ActiveCfg = DEV|Any CPU
		{7A9F76D7-7F92-42FE-908D-FD846C3FAD4C}.DEV|Any CPU.Build.0 = DEV|Any CPU
		{7A9F76D7-7F92-42FE-908D-FD846C3FAD4C}.FEDRAMP|Any CPU.ActiveCfg = FEDRAMP|Any CPU
		{7A9F76D7-7F92-42FE-908D-FD846C3FAD4C}.FEDRAMP|Any CPU.Build.0 = FEDRAMP|Any CPU
		{7A9F76D7-7F92-42FE-908D-FD846C3FAD4C}.Release|Any CPU.ActiveCfg = Release|Any CPU
		{7A9F76D7-7F92-42FE-908D-FD846C3FAD4C}.Release|Any CPU.Build.0 = Release|Any CPU
		{F87FC65D-6F56-4D9B-A702-AE999B321CCA}.Debug|Any CPU.ActiveCfg = Debug|Any CPU
		{F87FC65D-6F56-4D9B-A702-AE999B321CCA}.Debug|Any CPU.Build.0 = Debug|Any CPU
		{F87FC65D-6F56-4D9B-A702-AE999B321CCA}.DEV|Any CPU.ActiveCfg = DEV|Any CPU
		{F87FC65D-6F56-4D9B-A702-AE999B321CCA}.DEV|Any CPU.Build.0 = DEV|Any CPU
		{F87FC65D-6F56-4D9B-A702-AE999B321CCA}.FEDRAMP|Any CPU.ActiveCfg = FEDRAMP|Any CPU
		{F87FC65D-6F56-4D9B-A702-AE999B321CCA}.FEDRAMP|Any CPU.Build.0 = FEDRAMP|Any CPU
		{F87FC65D-6F56-4D9B-A702-AE999B321CCA}.Release|Any CPU.ActiveCfg = Release|Any CPU
		{F87FC65D-6F56-4D9B-A702-AE999B321CCA}.Release|Any CPU.Build.0 = Release|Any CPU
		{EC89E1F7-C46F-4668-B5F1-5CB5D548E5B9}.Debug|Any CPU.ActiveCfg = Debug|Any CPU
		{EC89E1F7-C46F-4668-B5F1-5CB5D548E5B9}.Debug|Any CPU.Build.0 = Debug|Any CPU
		{EC89E1F7-C46F-4668-B5F1-5CB5D548E5B9}.DEV|Any CPU.ActiveCfg = DEV|Any CPU
		{EC89E1F7-C46F-4668-B5F1-5CB5D548E5B9}.DEV|Any CPU.Build.0 = DEV|Any CPU
		{EC89E1F7-C46F-4668-B5F1-5CB5D548E5B9}.FEDRAMP|Any CPU.ActiveCfg = FEDRAMP|Any CPU
		{EC89E1F7-C46F-4668-B5F1-5CB5D548E5B9}.FEDRAMP|Any CPU.Build.0 = FEDRAMP|Any CPU
		{EC89E1F7-C46F-4668-B5F1-5CB5D548E5B9}.Release|Any CPU.ActiveCfg = Release|Any CPU
		{EC89E1F7-C46F-4668-B5F1-5CB5D548E5B9}.Release|Any CPU.Build.0 = Release|Any CPU
	EndGlobalSection
	GlobalSection(SolutionProperties) = preSolution
		HideSolutionNode = FALSE
	EndGlobalSection
EndGlobal
